
Microsoft Visual Studio Solution File, Format Version 12.00
# Visual Studio Version 17
VisualStudioVersion = 17.4.33213.308
MinimumVisualStudioVersion = 10.0.40219.1
Project("{FAE04EC0-301F-11D3-BF4B-00C04F79EFBC}") = "main_program", "main_program\main_program.csproj", "{CDDB5F6E-9DB6-4387-8354-2CB504F0013E}"
EndProject
Global
	GlobalSection(SolutionConfigurationPlatforms) = preSolution
		Debug|Any CPU = Debug|Any CPU
		Release|Any CPU = Release|Any CPU
	EndGlobalSection
	GlobalSection(ProjectConfigurationPlatforms) = postSolution
		{CDDB5F6E-9DB6-4387-8354-2CB504F0013E}.Debug|Any CPU.ActiveCfg = Debug|Any CPU
		{CDDB5F6E-9DB6-4387-8354-2CB504F0013E}.Debug|Any CPU.Build.0 = Debug|Any CPU
		{CDDB5F6E-9DB6-4387-8354-2CB504F0013E}.Release|Any CPU.ActiveCfg = Release|Any CPU
		{CDDB5F6E-9DB6-4387-8354-2CB504F0013E}.Release|Any CPU.Build.0 = Release|Any CPU
	EndGlobalSection
	GlobalSection(SolutionProperties) = preSolution
		HideSolutionNode = FALSE
	EndGlobalSection
	GlobalSection(ExtensibilityGlobals) = postSolution
		SolutionGuid = {207FAC45-4E9C-4562-8F95-E917D31CC176}
	EndGlobalSection
EndGlobal
